
Microsoft Visual Studio Solution File, Format Version 12.00
# Visual Studio 15
VisualStudioVersion = 15.0.27703.2035
MinimumVisualStudioVersion = 10.0.40219.1
Project("{FAE04EC0-301F-11D3-BF4B-00C04F79EFBC}") = "8--面向对象初级", "8--面向对象初级\8--面向对象初级.csproj", "{E5BF3B3C-B855-4969-BB73-C913C1319A10}"
EndProject
Project("{FAE04EC0-301F-11D3-BF4B-00C04F79EFBC}") = "面向对象复习", "面向对象复习\面向对象复习.csproj", "{2B615967-CDE8-4B43-8415-3BD49829D9FA}"
EndProject
Project("{FAE04EC0-301F-11D3-BF4B-00C04F79EFBC}") = "静态与非静态类", "静态与非静态类\静态与非静态类.csproj", "{BDEAA7BC-14FA-49BB-A89E-DCDCEF870A17}"
EndProject
Project("{FAE04EC0-301F-11D3-BF4B-00C04F79EFBC}") = "构造函数", "构造函数\构造函数.csproj", "{FCCAAFDA-38F0-4D60-A4DF-F82C87301BF5}"
EndProject
Global
	GlobalSection(SolutionConfigurationPlatforms) = preSolution
		Debug|Any CPU = Debug|Any CPU
		Release|Any CPU = Release|Any CPU
	EndGlobalSection
	GlobalSection(ProjectConfigurationPlatforms) = postSolution
		{E5BF3B3C-B855-4969-BB73-C913C1319A10}.Debug|Any CPU.ActiveCfg = Debug|Any CPU
		{E5BF3B3C-B855-4969-BB73-C913C1319A10}.Debug|Any CPU.Build.0 = Debug|Any CPU
		{E5BF3B3C-B855-4969-BB73-C913C1319A10}.Release|Any CPU.ActiveCfg = Release|Any CPU
		{E5BF3B3C-B855-4969-BB73-C913C1319A10}.Release|Any CPU.Build.0 = Release|Any CPU
		{2B615967-CDE8-4B43-8415-3BD49829D9FA}.Debug|Any CPU.ActiveCfg = Debug|Any CPU
		{2B615967-CDE8-4B43-8415-3BD49829D9FA}.Debug|Any CPU.Build.0 = Debug|Any CPU
		{2B615967-CDE8-4B43-8415-3BD49829D9FA}.Release|Any CPU.ActiveCfg = Release|Any CPU
		{2B615967-CDE8-4B43-8415-3BD49829D9FA}.Release|Any CPU.Build.0 = Release|Any CPU
		{BDEAA7BC-14FA-49BB-A89E-DCDCEF870A17}.Debug|Any CPU.ActiveCfg = Debug|Any CPU
		{BDEAA7BC-14FA-49BB-A89E-DCDCEF870A17}.Debug|Any CPU.Build.0 = Debug|Any CPU
		{BDEAA7BC-14FA-49BB-A89E-DCDCEF870A17}.Release|Any CPU.ActiveCfg = Release|Any CPU
		{BDEAA7BC-14FA-49BB-A89E-DCDCEF870A17}.Release|Any CPU.Build.0 = Release|Any CPU
		{FCCAAFDA-38F0-4D60-A4DF-F82C87301BF5}.Debug|Any CPU.ActiveCfg = Debug|Any CPU
		{FCCAAFDA-38F0-4D60-A4DF-F82C87301BF5}.Debug|Any CPU.Build.0 = Debug|Any CPU
		{FCCAAFDA-38F0-4D60-A4DF-F82C87301BF5}.Release|Any CPU.ActiveCfg = Release|Any CPU
		{FCCAAFDA-38F0-4D60-A4DF-F82C87301BF5}.Release|Any CPU.Build.0 = Release|Any CPU
	EndGlobalSection
	GlobalSection(SolutionProperties) = preSolution
		HideSolutionNode = FALSE
	EndGlobalSection
	GlobalSection(ExtensibilityGlobals) = postSolution
		SolutionGuid = {2CB4BB6D-6996-490A-8325-A2B288256AD6}
	EndGlobalSection
EndGlobal
